
Microsoft Visual Studio Solution File, Format Version 12.00
# Visual Studio Version 17
VisualStudioVersion = 17.10.35004.147
MinimumVisualStudioVersion = 10.0.40219.1
Project("{FAE04EC0-301F-11D3-BF4B-00C04F79EFBC}") = "PumaLanguageCompiler-1b", "PumaLanguageCompiler-1b.csproj", "{A6263099-AB67-492F-89DC-5A67E07F1A95}"
EndProject
Global
	GlobalSection(SolutionConfigurationPlatforms) = preSolution
		Debug|Any CPU = Debug|Any CPU
		Release|Any CPU = Release|Any CPU
	EndGlobalSection
	GlobalSection(ProjectConfigurationPlatforms) = postSolution
		{A6263099-AB67-492F-89DC-5A67E07F1A95}.Debug|Any CPU.ActiveCfg = Debug|Any CPU
		{A6263099-AB67-492F-89DC-5A67E07F1A95}.Debug|Any CPU.Build.0 = Debug|Any CPU
		{A6263099-AB67-492F-89DC-5A67E07F1A95}.Release|Any CPU.ActiveCfg = Release|Any CPU
		{A6263099-AB67-492F-89DC-5A67E07F1A95}.Release|Any CPU.Build.0 = Release|Any CPU
	EndGlobalSection
	GlobalSection(SolutionProperties) = preSolution
		HideSolutionNode = FALSE
	EndGlobalSection
	GlobalSection(ExtensibilityGlobals) = postSolution
		SolutionGuid = {61C9CFE4-2C08-4205-83F5-30EC47E4D095}
	EndGlobalSection
EndGlobal
